# This file is automatically @generated by Poetry 1.7.1 and should not be changed by hand.

[[package]]
name = "argcomplete"
version = "2.1.2"
description = "Bash tab completion for argparse"
optional = false
python-versions = ">=3.6"
files = [
    {file = "argcomplete-2.1.2-py3-none-any.whl", hash = "sha256:4ba9cdaa28c361d251edce884cd50b4b1215d65cdc881bd204426cdde9f52731"},
    {file = "argcomplete-2.1.2.tar.gz", hash = "sha256:fc82ef070c607b1559b5c720529d63b54d9dcf2dcfc2632b10e6372314a34457"},
]

[package.extras]
lint = ["flake8", "mypy"]
test = ["coverage", "flake8", "mypy", "pexpect", "wheel"]

[[package]]
name = "pycurl"
version = "7.45.2"
description = "PycURL -- A Python Interface To The cURL library"
optional = false
python-versions = ">=3.5"
files = [
    {file = "pycurl-7.45.2.tar.gz", hash = "sha256:5730590be0271364a5bddd9e245c9cc0fb710c4cbacbdd95264a3122d23224ca"},
]

[metadata]
lock-version = "2.0"
python-versions = "^3.11"
content-hash = "12c18874d30248814a3ec0b40b6e6d95151062e32dace53a38eb28768b1b4001"
